
Microsoft Visual Studio Solution File, Format Version 12.00
# Visual Studio Version 16
VisualStudioVersion = 16.0.30523.141
MinimumVisualStudioVersion = 10.0.40219.1
Project("{FAE04EC0-301F-11D3-BF4B-00C04F79EFBC}") = "Bodea_Denis", "Bodea_Denis.csproj", "{B51F44F9-911D-4EC9-A342-633D29E2BA78}"
EndProject
Global
	GlobalSection(SolutionConfigurationPlatforms) = preSolution
		Debug|Any CPU = Debug|Any CPU
		Release|Any CPU = Release|Any CPU
	EndGlobalSection
	GlobalSection(ProjectConfigurationPlatforms) = postSolution
		{B51F44F9-911D-4EC9-A342-633D29E2BA78}.Debug|Any CPU.ActiveCfg = Debug|Any CPU
		{B51F44F9-911D-4EC9-A342-633D29E2BA78}.Debug|Any CPU.Build.0 = Debug|Any CPU
		{B51F44F9-911D-4EC9-A342-633D29E2BA78}.Release|Any CPU.ActiveCfg = Release|Any CPU
		{B51F44F9-911D-4EC9-A342-633D29E2BA78}.Release|Any CPU.Build.0 = Release|Any CPU
	EndGlobalSection
	GlobalSection(SolutionProperties) = preSolution
		HideSolutionNode = FALSE
	EndGlobalSection
	GlobalSection(ExtensibilityGlobals) = postSolution
		SolutionGuid = {B820AF92-CD9F-4E2F-833A-8C617C41D50C}
	EndGlobalSection
EndGlobal
